// !$*UTF8*$!
{
	archiveVersion = 1;
	classes = {
	};
	objectVersion = 46;
	objects = {

/* Begin PBXBuildFile section */
		D957B92D1DCF9A3E00024AD6 /* main.swift in Sources */ = {isa = PBXBuildFile; fileRef = D957B92C1DCF9A3E00024AD6 /* main.swift */; };
		D95B92581DCFDBF700580B74 /* euler1.swift in Sources */ = {isa = PBXBuildFile; fileRef = D95B92571DCFDBF700580B74 /* euler1.swift */; };
		D983CFAE1DCFFF64007A0885 /* euler2.swift in Sources */ = {isa = PBXBuildFile; fileRef = D983CFAD1DCFFF64007A0885 /* euler2.swift */; };
		D983CFB01DCFFF7E007A0885 /* euler3.swift in Sources */ = {isa = PBXBuildFile; fileRef = D983CFAF1DCFFF7E007A0885 /* euler3.swift */; };
		D983CFB21DD003D8007A0885 /* euler4.swift in Sources */ = {isa = PBXBuildFile; fileRef = D983CFB11DD003D8007A0885 /* euler4.swift */; };
		D983CFB41DD005D7007A0885 /* euler6.swift in Sources */ = {isa = PBXBuildFile; fileRef = D983CFB31DD005D7007A0885 /* euler6.swift */; };
		D983CFB61DD00730007A0885 /* euler7.swift in Sources */ = {isa = PBXBuildFile; fileRef = D983CFB51DD00730007A0885 /* euler7.swift */; };
		D983CFB81DD00749007A0885 /* euler5.swift in Sources */ = {isa = PBXBuildFile; fileRef = D983CFB71DD00749007A0885 /* euler5.swift */; };
		D983CFBA1DD0076D007A0885 /* euler8.swift in Sources */ = {isa = PBXBuildFile; fileRef = D983CFB91DD0076D007A0885 /* euler8.swift */; };
		D983CFBC1DD00776007A0885 /* euler9.swift in Sources */ = {isa = PBXBuildFile; fileRef = D983CFBB1DD00776007A0885 /* euler9.swift */; };
		D983CFBE1DD00787007A0885 /* euler10.swift in Sources */ = {isa = PBXBuildFile; fileRef = D983CFBD1DD00787007A0885 /* euler10.swift */; };
		D9AE19271DD91F74006FAE3C /* euler11.swift in Sources */ = {isa = PBXBuildFile; fileRef = D9AE19261DD91F74006FAE3C /* euler11.swift */; };
		D9AE19291DD921EA006FAE3C /* euler16.swift in Sources */ = {isa = PBXBuildFile; fileRef = D9AE19281DD921EA006FAE3C /* euler16.swift */; };
/* End PBXBuildFile section */

/* Begin PBXCopyFilesBuildPhase section */
		D957B9271DCF9A3E00024AD6 /* CopyFiles */ = {
			isa = PBXCopyFilesBuildPhase;
			buildActionMask = 2147483647;
			dstPath = /usr/share/man/man1/;
			dstSubfolderSpec = 0;
			files = (
			);
			runOnlyForDeploymentPostprocessing = 1;
		};
/* End PBXCopyFilesBuildPhase section */

/* Begin PBXFileReference section */
		D957B9291DCF9A3E00024AD6 /* Project Euler */ = {isa = PBXFileReference; explicitFileType = "compiled.mach-o.executable"; includeInIndex = 0; path = "Project Euler"; sourceTree = BUILT_PRODUCTS_DIR; };
		D957B92C1DCF9A3E00024AD6 /* main.swift */ = {isa = PBXFileReference; lastKnownFileType = sourcecode.swift; path = main.swift; sourceTree = "<group>"; };
		D95B92571DCFDBF700580B74 /* euler1.swift */ = {isa = PBXFileReference; fileEncoding = 4; lastKnownFileType = sourcecode.swift; path = euler1.swift; sourceTree = "<group>"; };
		D983CFAD1DCFFF64007A0885 /* euler2.swift */ = {isa = PBXFileReference; fileEncoding = 4; lastKnownFileType = sourcecode.swift; path = euler2.swift; sourceTree = "<group>"; };
		D983CFAF1DCFFF7E007A0885 /* euler3.swift */ = {isa = PBXFileReference; fileEncoding = 4; lastKnownFileType = sourcecode.swift; path = euler3.swift; sourceTree = "<group>"; };
		D983CFB11DD003D8007A0885 /* euler4.swift */ = {isa = PBXFileReference; fileEncoding = 4; lastKnownFileType = sourcecode.swift; path = euler4.swift; sourceTree = "<group>"; };
		D983CFB31DD005D7007A0885 /* euler6.swift */ = {isa = PBXFileReference; fileEncoding = 4; lastKnownFileType = sourcecode.swift; path = euler6.swift; sourceTree = "<group>"; };
		D983CFB51DD00730007A0885 /* euler7.swift */ = {isa = PBXFileReference; fileEncoding = 4; lastKnownFileType = sourcecode.swift; path = euler7.swift; sourceTree = "<group>"; };
		D983CFB71DD00749007A0885 /* euler5.swift */ = {isa = PBXFileReference; fileEncoding = 4; lastKnownFileType = sourcecode.swift; path = euler5.swift; sourceTree = "<group>"; };
		D983CFB91DD0076D007A0885 /* euler8.swift */ = {isa = PBXFileReference; fileEncoding = 4; lastKnownFileType = sourcecode.swift; path = euler8.swift; sourceTree = "<group>"; };
		D983CFBB1DD00776007A0885 /* euler9.swift */ = {isa = PBXFileReference; fileEncoding = 4; lastKnownFileType = sourcecode.swift; path = euler9.swift; sourceTree = "<group>"; };
		D983CFBD1DD00787007A0885 /* euler10.swift */ = {isa = PBXFileReference; fileEncoding = 4; lastKnownFileType = sourcecode.swift; path = euler10.swift; sourceTree = "<group>"; };
		D9AE19261DD91F74006FAE3C /* euler11.swift */ = {isa = PBXFileReference; fileEncoding = 4; lastKnownFileType = sourcecode.swift; path = euler11.swift; sourceTree = "<group>"; };
		D9AE19281DD921EA006FAE3C /* euler16.swift */ = {isa = PBXFileReference; fileEncoding = 4; lastKnownFileType = sourcecode.swift; path = euler16.swift; sourceTree = "<group>"; };
/* End PBXFileReference section */

/* Begin PBXFrameworksBuildPhase section */
		D957B9261DCF9A3E00024AD6 /* Frameworks */ = {
			isa = PBXFrameworksBuildPhase;
			buildActionMask = 2147483647;
			files = (
			);
			runOnlyForDeploymentPostprocessing = 0;
		};
/* End PBXFrameworksBuildPhase section */

/* Begin PBXGroup section */
		D957B9201DCF9A3E00024AD6 = {
			isa = PBXGroup;
			children = (
				D957B92B1DCF9A3E00024AD6 /* Project Euler */,
				D957B92A1DCF9A3E00024AD6 /* Products */,
			);
			sourceTree = "<group>";
		};
		D957B92A1DCF9A3E00024AD6 /* Products */ = {
			isa = PBXGroup;
			children = (
				D957B9291DCF9A3E00024AD6 /* Project Euler */,
			);
			name = Products;
			sourceTree = "<group>";
		};
		D957B92B1DCF9A3E00024AD6 /* Project Euler */ = {
			isa = PBXGroup;
			children = (
				D957B92C1DCF9A3E00024AD6 /* main.swift */,
				D95B92571DCFDBF700580B74 /* euler1.swift */,
				D983CFAD1DCFFF64007A0885 /* euler2.swift */,
				D983CFAF1DCFFF7E007A0885 /* euler3.swift */,
				D983CFB11DD003D8007A0885 /* euler4.swift */,
				D983CFB71DD00749007A0885 /* euler5.swift */,
				D983CFB31DD005D7007A0885 /* euler6.swift */,
				D983CFB51DD00730007A0885 /* euler7.swift */,
				D983CFB91DD0076D007A0885 /* euler8.swift */,
				D983CFBB1DD00776007A0885 /* euler9.swift */,
				D983CFBD1DD00787007A0885 /* euler10.swift */,
				D9AE19261DD91F74006FAE3C /* euler11.swift */,
				D9AE19281DD921EA006FAE3C /* euler16.swift */,
			);
			path = "Project Euler";
			sourceTree = "<group>";
		};
/* End PBXGroup section */

/* Begin PBXNativeTarget section */
		D957B9281DCF9A3E00024AD6 /* Project Euler */ = {
			isa = PBXNativeTarget;
			buildConfigurationList = D957B9301DCF9A3E00024AD6 /* Build configuration list for PBXNativeTarget "Project Euler" */;
			buildPhases = (
				D957B9251DCF9A3E00024AD6 /* Sources */,
				D957B9261DCF9A3E00024AD6 /* Frameworks */,
				D957B9271DCF9A3E00024AD6 /* CopyFiles */,
			);
			buildRules = (
			);
			dependencies = (
			);
			name = "Project Euler";
			productName = "Project Euler";
			productReference = D957B9291DCF9A3E00024AD6 /* Project Euler */;
			productType = "com.apple.product-type.tool";
		};
/* End PBXNativeTarget section */

/* Begin PBXProject section */
		D957B9211DCF9A3E00024AD6 /* Project object */ = {
			isa = PBXProject;
			attributes = {
				LastSwiftUpdateCheck = 0800;
				LastUpgradeCheck = 0810;
				ORGANIZATIONNAME = "Mochi Apps";
				TargetAttributes = {
					D957B9281DCF9A3E00024AD6 = {
						CreatedOnToolsVersion = 8.0;
						DevelopmentTeam = RJETQ2A4J2;
						ProvisioningStyle = Automatic;
					};
				};
			};
			buildConfigurationList = D957B9241DCF9A3E00024AD6 /* Build configuration list for PBXProject "Project Euler" */;
			compatibilityVersion = "Xcode 3.2";
			developmentRegion = English;
			hasScannedForEncodings = 0;
			knownRegions = (
				en,
			);
			mainGroup = D957B9201DCF9A3E00024AD6;
			productRefGroup = D957B92A1DCF9A3E00024AD6 /* Products */;
			projectDirPath = "";
			projectRoot = "";
			targets = (
				D957B9281DCF9A3E00024AD6 /* Project Euler */,
			);
		};
/* End PBXProject section */

/* Begin PBXSourcesBuildPhase section */
		D957B9251DCF9A3E00024AD6 /* Sources */ = {
			isa = PBXSourcesBuildPhase;
			buildActionMask = 2147483647;
			files = (
				D957B92D1DCF9A3E00024AD6 /* main.swift in Sources */,
				D983CFB81DD00749007A0885 /* euler5.swift in Sources */,
				D95B92581DCFDBF700580B74 /* euler1.swift in Sources */,
				D983CFB21DD003D8007A0885 /* euler4.swift in Sources */,
				D983CFB61DD00730007A0885 /* euler7.swift in Sources */,
				D983CFBA1DD0076D007A0885 /* euler8.swift in Sources */,
				D983CFAE1DCFFF64007A0885 /* euler2.swift in Sources */,
				D983CFBE1DD00787007A0885 /* euler10.swift in Sources */,
				D983CFBC1DD00776007A0885 /* euler9.swift in Sources */,
				D983CFB01DCFFF7E007A0885 /* euler3.swift in Sources */,
				D9AE19291DD921EA006FAE3C /* euler16.swift in Sources */,
				D983CFB41DD005D7007A0885 /* euler6.swift in Sources */,
				D9AE19271DD91F74006FAE3C /* euler11.swift in Sources */,
			);
			runOnlyForDeploymentPostprocessing = 0;
		};
/* End PBXSourcesBuildPhase section */

/* Begin XCBuildConfiguration section */
		D957B92E1DCF9A3E00024AD6 /* Debug */ = {
			isa = XCBuildConfiguration;
			buildSettings = {
				ALWAYS_SEARCH_USER_PATHS = NO;
				CLANG_ANALYZER_NONNULL = YES;
				CLANG_CXX_LANGUAGE_STANDARD = "gnu++0x";
				CLANG_CXX_LIBRARY = "libc++";
				CLANG_ENABLE_MODULES = YES;
				CLANG_ENABLE_OBJC_ARC = YES;
				CLANG_WARN_BOOL_CONVERSION = YES;
				CLANG_WARN_CONSTANT_CONVERSION = YES;
				CLANG_WARN_DIRECT_OBJC_ISA_USAGE = YES_ERROR;
				CLANG_WARN_DOCUMENTATION_COMMENTS = YES;
				CLANG_WARN_EMPTY_BODY = YES;
				CLANG_WARN_ENUM_CONVERSION = YES;
				CLANG_WARN_INFINITE_RECURSION = YES;
				CLANG_WARN_INT_CONVERSION = YES;
				CLANG_WARN_OBJC_ROOT_CLASS = YES_ERROR;
				CLANG_WARN_SUSPICIOUS_MOVE = YES;
				CLANG_WARN_SUSPICIOUS_MOVES = YES;
				CLANG_WARN_UNREACHABLE_CODE = YES;
				CLANG_WARN__DUPLICATE_METHOD_MATCH = YES;
				CODE_SIGN_IDENTITY = "-";
				COPY_PHASE_STRIP = NO;
				DEBUG_INFORMATION_FORMAT = dwarf;
				ENABLE_STRICT_OBJC_MSGSEND = YES;
				ENABLE_TESTABILITY = YES;
				GCC_C_LANGUAGE_STANDARD = gnu99;
				GCC_DYNAMIC_NO_PIC = NO;
				GCC_NO_COMMON_BLOCKS = YES;
				GCC_OPTIMIZATION_LEVEL = 0;
				GCC_PREPROCESSOR_DEFINITIONS = (
					"DEBUG=1",
					"$(inherited)",
				);
				GCC_WARN_64_TO_32_BIT_CONVERSION = YES;
				GCC_WARN_ABOUT_RETURN_TYPE = YES_ERROR;
				GCC_WARN_UNDECLARED_SELECTOR = YES;
				GCC_WARN_UNINITIALIZED_AUTOS = YES_AGGRESSIVE;
				GCC_WARN_UNUSED_FUNCTION = YES;
				GCC_WARN_UNUSED_VARIABLE = YES;
				MACOSX_DEPLOYMENT_TARGET = 10.11;
				MTL_ENABLE_DEBUG_INFO = YES;
				ONLY_ACTIVE_ARCH = YES;
				SDKROOT = macosx;
				SWIFT_OPTIMIZATION_LEVEL = "-Onone";
			};
			name = Debug;
		};
		D957B92F1DCF9A3E00024AD6 /* Release */ = {
			isa = XCBuildConfiguration;
			buildSettings = {
				ALWAYS_SEARCH_USER_PATHS = NO;
				CLANG_ANALYZER_NONNULL = YES;
				CLANG_CXX_LANGUAGE_STANDARD = "gnu++0x";
				CLANG_CXX_LIBRARY = "libc++";
				CLANG_ENABLE_MODULES = YES;
				CLANG_ENABLE_OBJC_ARC = YES;
				CLANG_WARN_BOOL_CONVERSION = YES;
				CLANG_WARN_CONSTANT_CONVERSION = YES;
				CLANG_WARN_DIRECT_OBJC_ISA_USAGE = YES_ERROR;
				CLANG_WARN_DOCUMENTATION_COMMENTS = YES;
				CLANG_WARN_EMPTY_BODY = YES;
				CLANG_WARN_ENUM_CONVERSION = YES;
				CLANG_WARN_INFINITE_RECURSION = YES;
				CLANG_WARN_INT_CONVERSION = YES;
				CLANG_WARN_OBJC_ROOT_CLASS = YES_ERROR;
				CLANG_WARN_SUSPICIOUS_MOVE = YES;
				CLANG_WARN_SUSPICIOUS_MOVES = YES;
				CLANG_WARN_UNREACHABLE_CODE = YES;
				CLANG_WARN__DUPLICATE_METHOD_MATCH = YES;
				CODE_SIGN_IDENTITY = "-";
				COPY_PHASE_STRIP = NO;
				DEBUG_INFORMATION_FORMAT = "dwarf-with-dsym";
				ENABLE_NS_ASSERTIONS = NO;
				ENABLE_STRICT_OBJC_MSGSEND = YES;
				GCC_C_LANGUAGE_STANDARD = gnu99;
				GCC_NO_COMMON_BLOCKS = YES;
				GCC_WARN_64_TO_32_BIT_CONVERSION = YES;
				GCC_WARN_ABOUT_RETURN_TYPE = YES_ERROR;
				GCC_WARN_UNDECLARED_SELECTOR = YES;
				GCC_WARN_UNINITIALIZED_AUTOS = YES_AGGRESSIVE;
				GCC_WARN_UNUSED_FUNCTION = YES;
				GCC_WARN_UNUSED_VARIABLE = YES;
				MACOSX_DEPLOYMENT_TARGET = 10.11;
				MTL_ENABLE_DEBUG_INFO = NO;
				SDKROOT = macosx;
				SWIFT_OPTIMIZATION_LEVEL = "-Owholemodule";
			};
			name = Release;
		};
		D957B9311DCF9A3E00024AD6 /* Debug */ = {
			isa = XCBuildConfiguration;
			buildSettings = {
				DEVELOPMENT_TEAM = RJETQ2A4J2;
				PRODUCT_NAME = "$(TARGET_NAME)";
				SWIFT_VERSION = 3.0;
			};
			name = Debug;
		};
		D957B9321DCF9A3E00024AD6 /* Release */ = {
			isa = XCBuildConfiguration;
			buildSettings = {
				DEVELOPMENT_TEAM = RJETQ2A4J2;
				PRODUCT_NAME = "$(TARGET_NAME)";
				SWIFT_VERSION = 3.0;
			};
			name = Release;
		};
/* End XCBuildConfiguration section */

/* Begin XCConfigurationList section */
		D957B9241DCF9A3E00024AD6 /* Build configuration list for PBXProject "Project Euler" */ = {
			isa = XCConfigurationList;
			buildConfigurations = (
				D957B92E1DCF9A3E00024AD6 /* Debug */,
				D957B92F1DCF9A3E00024AD6 /* Release */,
			);
			defaultConfigurationIsVisible = 0;
			defaultConfigurationName = Release;
		};
		D957B9301DCF9A3E00024AD6 /* Build configuration list for PBXNativeTarget "Project Euler" */ = {
			isa = XCConfigurationList;
			buildConfigurations = (
				D957B9311DCF9A3E00024AD6 /* Debug */,
				D957B9321DCF9A3E00024AD6 /* Release */,
			);
			defaultConfigurationIsVisible = 0;
			defaultConfigurationName = Release;
		};
/* End XCConfigurationList section */
	};
	rootObject = D957B9211DCF9A3E00024AD6 /* Project object */;
}
